// !$*UTF8*$!
{
	archiveVersion = 1;
	classes = {
	};
	objectVersion = 55;
	objects = {

/* Begin PBXBuildFile section */
		583B301528A4E4700060149E /* DetailEditView.swift in Sources */ = {isa = PBXBuildFile; fileRef = 583B301428A4E4700060149E /* DetailEditView.swift */; };
		583B301728A4EA980060149E /* ThemeView.swift in Sources */ = {isa = PBXBuildFile; fileRef = 583B301628A4EA980060149E /* ThemeView.swift */; };
		583B301928A4EBB10060149E /* ThemePicker.swift in Sources */ = {isa = PBXBuildFile; fileRef = 583B301828A4EBB10060149E /* ThemePicker.swift */; };
		58430D9C28A6425F0090E703 /* MeetingHeaderView.swift in Sources */ = {isa = PBXBuildFile; fileRef = 58430D9B28A6425F0090E703 /* MeetingHeaderView.swift */; };
		586E279128538A65007B7EF8 /* ScrumdingerApp.swift in Sources */ = {isa = PBXBuildFile; fileRef = 586E279028538A65007B7EF8 /* ScrumdingerApp.swift */; };
		586E279328538A65007B7EF8 /* MeetingView.swift in Sources */ = {isa = PBXBuildFile; fileRef = 586E279228538A65007B7EF8 /* MeetingView.swift */; };
		586E279528538A68007B7EF8 /* Assets.xcassets in Resources */ = {isa = PBXBuildFile; fileRef = 586E279428538A68007B7EF8 /* Assets.xcassets */; };
		586E279828538A68007B7EF8 /* Preview Assets.xcassets in Resources */ = {isa = PBXBuildFile; fileRef = 586E279728538A68007B7EF8 /* Preview Assets.xcassets */; };
		586E27A0285391BB007B7EF8 /* Theme.swift in Sources */ = {isa = PBXBuildFile; fileRef = 586E279F285391BB007B7EF8 /* Theme.swift */; };
		586E27A2285392DD007B7EF8 /* DailyScrum.swift in Sources */ = {isa = PBXBuildFile; fileRef = 586E27A1285392DD007B7EF8 /* DailyScrum.swift */; };
		586E27A4285393F8007B7EF8 /* CardView.swift in Sources */ = {isa = PBXBuildFile; fileRef = 586E27A3285393F8007B7EF8 /* CardView.swift */; };
		588449A528ADEFCE00A0B907 /* ScrumProgressViewStyle.swift in Sources */ = {isa = PBXBuildFile; fileRef = 588449A428ADEFCE00A0B907 /* ScrumProgressViewStyle.swift */; };
		588449A728ADF7F500A0B907 /* ScrumTimer.swift in Sources */ = {isa = PBXBuildFile; fileRef = 588449A628ADF7F500A0B907 /* ScrumTimer.swift */; };
		588449A928ADFAF900A0B907 /* MeetingFooterView.swift in Sources */ = {isa = PBXBuildFile; fileRef = 588449A828ADFAF900A0B907 /* MeetingFooterView.swift */; };
		588449AB28AE22E700A0B907 /* AVPlayer+Ding.swift in Sources */ = {isa = PBXBuildFile; fileRef = 588449AA28AE22E700A0B907 /* AVPlayer+Ding.swift */; };
		58867BFB28AE32C600D6A40B /* ding.wav in Resources */ = {isa = PBXBuildFile; fileRef = 58867BFA28AE32C600D6A40B /* ding.wav */; };
		58A86F2628A3E5CE00368FDB /* TrailingIconLabelStyle.swift in Sources */ = {isa = PBXBuildFile; fileRef = 58A86F2528A3E5CE00368FDB /* TrailingIconLabelStyle.swift */; };
		58A86F2A28A3E8FD00368FDB /* ScrumsView.swift in Sources */ = {isa = PBXBuildFile; fileRef = 58A86F2928A3E8FD00368FDB /* ScrumsView.swift */; };
		58A86F2C28A3F8B300368FDB /* DetailView.swift in Sources */ = {isa = PBXBuildFile; fileRef = 58A86F2B28A3F8B300368FDB /* DetailView.swift */; };
		58F3505128BB1D7D00204C74 /* History.swift in Sources */ = {isa = PBXBuildFile; fileRef = 58F3505028BB1D7D00204C74 /* History.swift */; };
		58F3505328BB226A00204C74 /* ScrumStore.swift in Sources */ = {isa = PBXBuildFile; fileRef = 58F3505228BB226A00204C74 /* ScrumStore.swift */; };
/* End PBXBuildFile section */

/* Begin PBXFileReference section */
		583B301428A4E4700060149E /* DetailEditView.swift */ = {isa = PBXFileReference; lastKnownFileType = sourcecode.swift; path = DetailEditView.swift; sourceTree = "<group>"; };
		583B301628A4EA980060149E /* ThemeView.swift */ = {isa = PBXFileReference; lastKnownFileType = sourcecode.swift; path = ThemeView.swift; sourceTree = "<group>"; };
		583B301828A4EBB10060149E /* ThemePicker.swift */ = {isa = PBXFileReference; lastKnownFileType = sourcecode.swift; path = ThemePicker.swift; sourceTree = "<group>"; };
		58430D9B28A6425F0090E703 /* MeetingHeaderView.swift */ = {isa = PBXFileReference; lastKnownFileType = sourcecode.swift; path = MeetingHeaderView.swift; sourceTree = "<group>"; };
		586E278D28538A65007B7EF8 /* Scrumdinger.app */ = {isa = PBXFileReference; explicitFileType = wrapper.application; includeInIndex = 0; path = Scrumdinger.app; sourceTree = BUILT_PRODUCTS_DIR; };
		586E279028538A65007B7EF8 /* ScrumdingerApp.swift */ = {isa = PBXFileReference; lastKnownFileType = sourcecode.swift; path = ScrumdingerApp.swift; sourceTree = "<group>"; };
		586E279228538A65007B7EF8 /* MeetingView.swift */ = {isa = PBXFileReference; lastKnownFileType = sourcecode.swift; path = MeetingView.swift; sourceTree = "<group>"; };
		586E279428538A68007B7EF8 /* Assets.xcassets */ = {isa = PBXFileReference; lastKnownFileType = folder.assetcatalog; path = Assets.xcassets; sourceTree = "<group>"; };
		586E279728538A68007B7EF8 /* Preview Assets.xcassets */ = {isa = PBXFileReference; lastKnownFileType = folder.assetcatalog; path = "Preview Assets.xcassets"; sourceTree = "<group>"; };
		586E279F285391BB007B7EF8 /* Theme.swift */ = {isa = PBXFileReference; lastKnownFileType = sourcecode.swift; path = Theme.swift; sourceTree = "<group>"; };
		586E27A1285392DD007B7EF8 /* DailyScrum.swift */ = {isa = PBXFileReference; lastKnownFileType = sourcecode.swift; path = DailyScrum.swift; sourceTree = "<group>"; };
		586E27A3285393F8007B7EF8 /* CardView.swift */ = {isa = PBXFileReference; lastKnownFileType = sourcecode.swift; path = CardView.swift; sourceTree = "<group>"; };
		588449A428ADEFCE00A0B907 /* ScrumProgressViewStyle.swift */ = {isa = PBXFileReference; lastKnownFileType = sourcecode.swift; path = ScrumProgressViewStyle.swift; sourceTree = "<group>"; };
		588449A628ADF7F500A0B907 /* ScrumTimer.swift */ = {isa = PBXFileReference; lastKnownFileType = sourcecode.swift; path = ScrumTimer.swift; sourceTree = "<group>"; };
		588449A828ADFAF900A0B907 /* MeetingFooterView.swift */ = {isa = PBXFileReference; lastKnownFileType = sourcecode.swift; path = MeetingFooterView.swift; sourceTree = "<group>"; };
		588449AA28AE22E700A0B907 /* AVPlayer+Ding.swift */ = {isa = PBXFileReference; lastKnownFileType = sourcecode.swift; path = "AVPlayer+Ding.swift"; sourceTree = "<group>"; };
		58867BFA28AE32C600D6A40B /* ding.wav */ = {isa = PBXFileReference; lastKnownFileType = audio.wav; path = ding.wav; sourceTree = "<group>"; };
		58A86F2528A3E5CE00368FDB /* TrailingIconLabelStyle.swift */ = {isa = PBXFileReference; lastKnownFileType = sourcecode.swift; path = TrailingIconLabelStyle.swift; sourceTree = "<group>"; };
		58A86F2928A3E8FD00368FDB /* ScrumsView.swift */ = {isa = PBXFileReference; lastKnownFileType = sourcecode.swift; path = ScrumsView.swift; sourceTree = "<group>"; };
		58A86F2B28A3F8B300368FDB /* DetailView.swift */ = {isa = PBXFileReference; lastKnownFileType = sourcecode.swift; path = DetailView.swift; sourceTree = "<group>"; };
		58F3505028BB1D7D00204C74 /* History.swift */ = {isa = PBXFileReference; lastKnownFileType = sourcecode.swift; path = History.swift; sourceTree = "<group>"; };
		58F3505228BB226A00204C74 /* ScrumStore.swift */ = {isa = PBXFileReference; lastKnownFileType = sourcecode.swift; path = ScrumStore.swift; sourceTree = "<group>"; };
/* End PBXFileReference section */

/* Begin PBXFrameworksBuildPhase section */
		586E278A28538A65007B7EF8 /* Frameworks */ = {
			isa = PBXFrameworksBuildPhase;
			buildActionMask = 2147483647;
			files = (
			);
			runOnlyForDeploymentPostprocessing = 0;
		};
/* End PBXFrameworksBuildPhase section */

/* Begin PBXGroup section */
		586E278428538A65007B7EF8 = {
			isa = PBXGroup;
			children = (
				586E278F28538A65007B7EF8 /* Scrumdinger */,
				586E278E28538A65007B7EF8 /* Products */,
			);
			sourceTree = "<group>";
		};
		586E278E28538A65007B7EF8 /* Products */ = {
			isa = PBXGroup;
			children = (
				586E278D28538A65007B7EF8 /* Scrumdinger.app */,
			);
			name = Products;
			sourceTree = "<group>";
		};
		586E278F28538A65007B7EF8 /* Scrumdinger */ = {
			isa = PBXGroup;
			children = (
				58867BF928AE32C600D6A40B /* Resources */,
				586E279E285391A6007B7EF8 /* Models */,
				586E279028538A65007B7EF8 /* ScrumdingerApp.swift */,
				586E279228538A65007B7EF8 /* MeetingView.swift */,
				588449A828ADFAF900A0B907 /* MeetingFooterView.swift */,
				58430D9B28A6425F0090E703 /* MeetingHeaderView.swift */,
				588449A428ADEFCE00A0B907 /* ScrumProgressViewStyle.swift */,
				586E27A3285393F8007B7EF8 /* CardView.swift */,
				58A86F2528A3E5CE00368FDB /* TrailingIconLabelStyle.swift */,
				58A86F2928A3E8FD00368FDB /* ScrumsView.swift */,
				58A86F2B28A3F8B300368FDB /* DetailView.swift */,
				583B301428A4E4700060149E /* DetailEditView.swift */,
				583B301628A4EA980060149E /* ThemeView.swift */,
				583B301828A4EBB10060149E /* ThemePicker.swift */,
				586E279428538A68007B7EF8 /* Assets.xcassets */,
				586E279628538A68007B7EF8 /* Preview Content */,
			);
			path = Scrumdinger;
			sourceTree = "<group>";
		};
		586E279628538A68007B7EF8 /* Preview Content */ = {
			isa = PBXGroup;
			children = (
				586E279728538A68007B7EF8 /* Preview Assets.xcassets */,
			);
			path = "Preview Content";
			sourceTree = "<group>";
		};
		586E279E285391A6007B7EF8 /* Models */ = {
			isa = PBXGroup;
			children = (
				586E279F285391BB007B7EF8 /* Theme.swift */,
				586E27A1285392DD007B7EF8 /* DailyScrum.swift */,
				588449A628ADF7F500A0B907 /* ScrumTimer.swift */,
				588449AA28AE22E700A0B907 /* AVPlayer+Ding.swift */,
				58F3505028BB1D7D00204C74 /* History.swift */,
				58F3505228BB226A00204C74 /* ScrumStore.swift */,
			);
			path = Models;
			sourceTree = "<group>";
		};
		58867BF928AE32C600D6A40B /* Resources */ = {
			isa = PBXGroup;
			children = (
				58867BFA28AE32C600D6A40B /* ding.wav */,
			);
			path = Resources;
			sourceTree = "<group>";
		};
/* End PBXGroup section */

/* Begin PBXNativeTarget section */
		586E278C28538A65007B7EF8 /* Scrumdinger */ = {
			isa = PBXNativeTarget;
			buildConfigurationList = 586E279B28538A68007B7EF8 /* Build configuration list for PBXNativeTarget "Scrumdinger" */;
			buildPhases = (
				586E278928538A65007B7EF8 /* Sources */,
				586E278A28538A65007B7EF8 /* Frameworks */,
				586E278B28538A65007B7EF8 /* Resources */,
			);
			buildRules = (
			);
			dependencies = (
			);
			name = Scrumdinger;
			productName = Scrumdinger;
			productReference = 586E278D28538A65007B7EF8 /* Scrumdinger.app */;
			productType = "com.apple.product-type.application";
		};
/* End PBXNativeTarget section */

/* Begin PBXProject section */
		586E278528538A65007B7EF8 /* Project object */ = {
			isa = PBXProject;
			attributes = {
				BuildIndependentTargetsInParallel = 1;
				LastSwiftUpdateCheck = 1340;
				LastUpgradeCheck = 1340;
				TargetAttributes = {
					586E278C28538A65007B7EF8 = {
						CreatedOnToolsVersion = 13.4.1;
					};
				};
			};
			buildConfigurationList = 586E278828538A65007B7EF8 /* Build configuration list for PBXProject "Scrumdinger" */;
			compatibilityVersion = "Xcode 13.0";
			developmentRegion = en;
			hasScannedForEncodings = 0;
			knownRegions = (
				en,
				Base,
			);
			mainGroup = 586E278428538A65007B7EF8;
			productRefGroup = 586E278E28538A65007B7EF8 /* Products */;
			projectDirPath = "";
			projectRoot = "";
			targets = (
				586E278C28538A65007B7EF8 /* Scrumdinger */,
			);
		};
/* End PBXProject section */

/* Begin PBXResourcesBuildPhase section */
		586E278B28538A65007B7EF8 /* Resources */ = {
			isa = PBXResourcesBuildPhase;
			buildActionMask = 2147483647;
			files = (
				58867BFB28AE32C600D6A40B /* ding.wav in Resources */,
				586E279828538A68007B7EF8 /* Preview Assets.xcassets in Resources */,
				586E279528538A68007B7EF8 /* Assets.xcassets in Resources */,
			);
			runOnlyForDeploymentPostprocessing = 0;
		};
/* End PBXResourcesBuildPhase section */

/* Begin PBXSourcesBuildPhase section */
		586E278928538A65007B7EF8 /* Sources */ = {
			isa = PBXSourcesBuildPhase;
			buildActionMask = 2147483647;
			files = (
				58F3505128BB1D7D00204C74 /* History.swift in Sources */,
				583B301928A4EBB10060149E /* ThemePicker.swift in Sources */,
				588449A528ADEFCE00A0B907 /* ScrumProgressViewStyle.swift in Sources */,
				588449A928ADFAF900A0B907 /* MeetingFooterView.swift in Sources */,
				58F3505328BB226A00204C74 /* ScrumStore.swift in Sources */,
				588449A728ADF7F500A0B907 /* ScrumTimer.swift in Sources */,
				586E27A2285392DD007B7EF8 /* DailyScrum.swift in Sources */,
				58A86F2C28A3F8B300368FDB /* DetailView.swift in Sources */,
				58430D9C28A6425F0090E703 /* MeetingHeaderView.swift in Sources */,
				583B301528A4E4700060149E /* DetailEditView.swift in Sources */,
				58A86F2628A3E5CE00368FDB /* TrailingIconLabelStyle.swift in Sources */,
				586E27A0285391BB007B7EF8 /* Theme.swift in Sources */,
				58A86F2A28A3E8FD00368FDB /* ScrumsView.swift in Sources */,
				586E279328538A65007B7EF8 /* MeetingView.swift in Sources */,
				586E279128538A65007B7EF8 /* ScrumdingerApp.swift in Sources */,
				583B301728A4EA980060149E /* ThemeView.swift in Sources */,
				586E27A4285393F8007B7EF8 /* CardView.swift in Sources */,
				588449AB28AE22E700A0B907 /* AVPlayer+Ding.swift in Sources */,
			);
			runOnlyForDeploymentPostprocessing = 0;
		};
/* End PBXSourcesBuildPhase section */

/* Begin XCBuildConfiguration section */
		586E279928538A68007B7EF8 /* Debug */ = {
			isa = XCBuildConfiguration;
			buildSettings = {
				ALWAYS_SEARCH_USER_PATHS = NO;
				CLANG_ANALYZER_NONNULL = YES;
				CLANG_ANALYZER_NUMBER_OBJECT_CONVERSION = YES_AGGRESSIVE;
				CLANG_CXX_LANGUAGE_STANDARD = "gnu++17";
				CLANG_ENABLE_MODULES = YES;
				CLANG_ENABLE_OBJC_ARC = YES;
				CLANG_ENABLE_OBJC_WEAK = YES;
				CLANG_WARN_BLOCK_CAPTURE_AUTORELEASING = YES;
				CLANG_WARN_BOOL_CONVERSION = YES;
				CLANG_WARN_COMMA = YES;
				CLANG_WARN_CONSTANT_CONVERSION = YES;
				CLANG_WARN_DEPRECATED_OBJC_IMPLEMENTATIONS = YES;
				CLANG_WARN_DIRECT_OBJC_ISA_USAGE = YES_ERROR;
				CLANG_WARN_DOCUMENTATION_COMMENTS = YES;
				CLANG_WARN_EMPTY_BODY = YES;
				CLANG_WARN_ENUM_CONVERSION = YES;
				CLANG_WARN_INFINITE_RECURSION = YES;
				CLANG_WARN_INT_CONVERSION = YES;
				CLANG_WARN_NON_LITERAL_NULL_CONVERSION = YES;
				CLANG_WARN_OBJC_IMPLICIT_RETAIN_SELF = YES;
				CLANG_WARN_OBJC_LITERAL_CONVERSION = YES;
				CLANG_WARN_OBJC_ROOT_CLASS = YES_ERROR;
				CLANG_WARN_QUOTED_INCLUDE_IN_FRAMEWORK_HEADER = YES;
				CLANG_WARN_RANGE_LOOP_ANALYSIS = YES;
				CLANG_WARN_STRICT_PROTOTYPES = YES;
				CLANG_WARN_SUSPICIOUS_MOVE = YES;
				CLANG_WARN_UNGUARDED_AVAILABILITY = YES_AGGRESSIVE;
				CLANG_WARN_UNREACHABLE_CODE = YES;
				CLANG_WARN__DUPLICATE_METHOD_MATCH = YES;
				COPY_PHASE_STRIP = NO;
				DEBUG_INFORMATION_FORMAT = dwarf;
				ENABLE_STRICT_OBJC_MSGSEND = YES;
				ENABLE_TESTABILITY = YES;
				GCC_C_LANGUAGE_STANDARD = gnu11;
				GCC_DYNAMIC_NO_PIC = NO;
				GCC_NO_COMMON_BLOCKS = YES;
				GCC_OPTIMIZATION_LEVEL = 0;
				GCC_PREPROCESSOR_DEFINITIONS = (
					"DEBUG=1",
					"$(inherited)",
				);
				GCC_WARN_64_TO_32_BIT_CONVERSION = YES;
				GCC_WARN_ABOUT_RETURN_TYPE = YES_ERROR;
				GCC_WARN_UNDECLARED_SELECTOR = YES;
				GCC_WARN_UNINITIALIZED_AUTOS = YES_AGGRESSIVE;
				GCC_WARN_UNUSED_FUNCTION = YES;
				GCC_WARN_UNUSED_VARIABLE = YES;
				IPHONEOS_DEPLOYMENT_TARGET = 15.5;
				MTL_ENABLE_DEBUG_INFO = INCLUDE_SOURCE;
				MTL_FAST_MATH = YES;
				ONLY_ACTIVE_ARCH = YES;
				SDKROOT = iphoneos;
				SWIFT_ACTIVE_COMPILATION_CONDITIONS = DEBUG;
				SWIFT_OPTIMIZATION_LEVEL = "-Onone";
			};
			name = Debug;
		};
		586E279A28538A68007B7EF8 /* Release */ = {
			isa = XCBuildConfiguration;
			buildSettings = {
				ALWAYS_SEARCH_USER_PATHS = NO;
				CLANG_ANALYZER_NONNULL = YES;
				CLANG_ANALYZER_NUMBER_OBJECT_CONVERSION = YES_AGGRESSIVE;
				CLANG_CXX_LANGUAGE_STANDARD = "gnu++17";
				CLANG_ENABLE_MODULES = YES;
				CLANG_ENABLE_OBJC_ARC = YES;
				CLANG_ENABLE_OBJC_WEAK = YES;
				CLANG_WARN_BLOCK_CAPTURE_AUTORELEASING = YES;
				CLANG_WARN_BOOL_CONVERSION = YES;
				CLANG_WARN_COMMA = YES;
				CLANG_WARN_CONSTANT_CONVERSION = YES;
				CLANG_WARN_DEPRECATED_OBJC_IMPLEMENTATIONS = YES;
				CLANG_WARN_DIRECT_OBJC_ISA_USAGE = YES_ERROR;
				CLANG_WARN_DOCUMENTATION_COMMENTS = YES;
				CLANG_WARN_EMPTY_BODY = YES;
				CLANG_WARN_ENUM_CONVERSION = YES;
				CLANG_WARN_INFINITE_RECURSION = YES;
				CLANG_WARN_INT_CONVERSION = YES;
				CLANG_WARN_NON_LITERAL_NULL_CONVERSION = YES;
				CLANG_WARN_OBJC_IMPLICIT_RETAIN_SELF = YES;
				CLANG_WARN_OBJC_LITERAL_CONVERSION = YES;
				CLANG_WARN_OBJC_ROOT_CLASS = YES_ERROR;
				CLANG_WARN_QUOTED_INCLUDE_IN_FRAMEWORK_HEADER = YES;
				CLANG_WARN_RANGE_LOOP_ANALYSIS = YES;
				CLANG_WARN_STRICT_PROTOTYPES = YES;
				CLANG_WARN_SUSPICIOUS_MOVE = YES;
				CLANG_WARN_UNGUARDED_AVAILABILITY = YES_AGGRESSIVE;
				CLANG_WARN_UNREACHABLE_CODE = YES;
				CLANG_WARN__DUPLICATE_METHOD_MATCH = YES;
				COPY_PHASE_STRIP = NO;
				DEBUG_INFORMATION_FORMAT = "dwarf-with-dsym";
				ENABLE_NS_ASSERTIONS = NO;
				ENABLE_STRICT_OBJC_MSGSEND = YES;
				GCC_C_LANGUAGE_STANDARD = gnu11;
				GCC_NO_COMMON_BLOCKS = YES;
				GCC_WARN_64_TO_32_BIT_CONVERSION = YES;
				GCC_WARN_ABOUT_RETURN_TYPE = YES_ERROR;
				GCC_WARN_UNDECLARED_SELECTOR = YES;
				GCC_WARN_UNINITIALIZED_AUTOS = YES_AGGRESSIVE;
				GCC_WARN_UNUSED_FUNCTION = YES;
				GCC_WARN_UNUSED_VARIABLE = YES;
				IPHONEOS_DEPLOYMENT_TARGET = 15.5;
				MTL_ENABLE_DEBUG_INFO = NO;
				MTL_FAST_MATH = YES;
				SDKROOT = iphoneos;
				SWIFT_COMPILATION_MODE = wholemodule;
				SWIFT_OPTIMIZATION_LEVEL = "-O";
				VALIDATE_PRODUCT = YES;
			};
			name = Release;
		};
		586E279C28538A68007B7EF8 /* Debug */ = {
			isa = XCBuildConfiguration;
			buildSettings = {
				ASSETCATALOG_COMPILER_APPICON_NAME = AppIcon;
				ASSETCATALOG_COMPILER_GLOBAL_ACCENT_COLOR_NAME = AccentColor;
				CODE_SIGN_STYLE = Automatic;
				CURRENT_PROJECT_VERSION = 1;
				DEVELOPMENT_ASSET_PATHS = "\"Scrumdinger/Preview Content\"";
				DEVELOPMENT_TEAM = T3C2R4YRYM;
				ENABLE_PREVIEWS = YES;
				GENERATE_INFOPLIST_FILE = YES;
				INFOPLIST_KEY_UIApplicationSceneManifest_Generation = YES;
				INFOPLIST_KEY_UIApplicationSupportsIndirectInputEvents = YES;
				INFOPLIST_KEY_UILaunchScreen_Generation = YES;
				INFOPLIST_KEY_UISupportedInterfaceOrientations_iPad = "UIInterfaceOrientationPortrait UIInterfaceOrientationPortraitUpsideDown UIInterfaceOrientationLandscapeLeft UIInterfaceOrientationLandscapeRight";
				INFOPLIST_KEY_UISupportedInterfaceOrientations_iPhone = "UIInterfaceOrientationPortrait UIInterfaceOrientationLandscapeLeft UIInterfaceOrientationLandscapeRight";
				IPHONEOS_DEPLOYMENT_TARGET = 14.0;
				LD_RUNPATH_SEARCH_PATHS = (
					"$(inherited)",
					"@executable_path/Frameworks",
				);
				MARKETING_VERSION = 1.0;
				PRODUCT_BUNDLE_IDENTIFIER = ydhiksm.Scrumdinger.com;
				PRODUCT_NAME = "$(TARGET_NAME)";
				SWIFT_EMIT_LOC_STRINGS = YES;
				SWIFT_VERSION = 5.0;
				TARGETED_DEVICE_FAMILY = "1,2";
			};
			name = Debug;
		};
		586E279D28538A68007B7EF8 /* Release */ = {
			isa = XCBuildConfiguration;
			buildSettings = {
				ASSETCATALOG_COMPILER_APPICON_NAME = AppIcon;
				ASSETCATALOG_COMPILER_GLOBAL_ACCENT_COLOR_NAME = AccentColor;
				CODE_SIGN_STYLE = Automatic;
				CURRENT_PROJECT_VERSION = 1;
				DEVELOPMENT_ASSET_PATHS = "\"Scrumdinger/Preview Content\"";
				DEVELOPMENT_TEAM = T3C2R4YRYM;
				ENABLE_PREVIEWS = YES;
				GENERATE_INFOPLIST_FILE = YES;
				INFOPLIST_KEY_UIApplicationSceneManifest_Generation = YES;
				INFOPLIST_KEY_UIApplicationSupportsIndirectInputEvents = YES;
				INFOPLIST_KEY_UILaunchScreen_Generation = YES;
				INFOPLIST_KEY_UISupportedInterfaceOrientations_iPad = "UIInterfaceOrientationPortrait UIInterfaceOrientationPortraitUpsideDown UIInterfaceOrientationLandscapeLeft UIInterfaceOrientationLandscapeRight";
				INFOPLIST_KEY_UISupportedInterfaceOrientations_iPhone = "UIInterfaceOrientationPortrait UIInterfaceOrientationLandscapeLeft UIInterfaceOrientationLandscapeRight";
				IPHONEOS_DEPLOYMENT_TARGET = 14.0;
				LD_RUNPATH_SEARCH_PATHS = (
					"$(inherited)",
					"@executable_path/Frameworks",
				);
				MARKETING_VERSION = 1.0;
				PRODUCT_BUNDLE_IDENTIFIER = ydhiksm.Scrumdinger.com;
				PRODUCT_NAME = "$(TARGET_NAME)";
				SWIFT_EMIT_LOC_STRINGS = YES;
				SWIFT_VERSION = 5.0;
				TARGETED_DEVICE_FAMILY = "1,2";
			};
			name = Release;
		};
/* End XCBuildConfiguration section */

/* Begin XCConfigurationList section */
		586E278828538A65007B7EF8 /* Build configuration list for PBXProject "Scrumdinger" */ = {
			isa = XCConfigurationList;
			buildConfigurations = (
				586E279928538A68007B7EF8 /* Debug */,
				586E279A28538A68007B7EF8 /* Release */,
			);
			defaultConfigurationIsVisible = 0;
			defaultConfigurationName = Release;
		};
		586E279B28538A68007B7EF8 /* Build configuration list for PBXNativeTarget "Scrumdinger" */ = {
			isa = XCConfigurationList;
			buildConfigurations = (
				586E279C28538A68007B7EF8 /* Debug */,
				586E279D28538A68007B7EF8 /* Release */,
			);
			defaultConfigurationIsVisible = 0;
			defaultConfigurationName = Release;
		};
/* End XCConfigurationList section */
	};
	rootObject = 586E278528538A65007B7EF8 /* Project object */;
}
